// !$*UTF8*$!
{
	archiveVersion = 1;
	classes = {
	};
	objectVersion = 51;
	objects = {

/* Begin PBXBuildFile section */
		6F78B2562540E96C002D6567 /* AppDelegate.swift in Sources */ = {isa = PBXBuildFile; fileRef = 6F78B2552540E96C002D6567 /* AppDelegate.swift */; };
		6F78B2582540E96C002D6567 /* SceneDelegate.swift in Sources */ = {isa = PBXBuildFile; fileRef = 6F78B2572540E96C002D6567 /* SceneDelegate.swift */; };
		6F78B25F2540E972002D6567 /* Assets.xcassets in Resources */ = {isa = PBXBuildFile; fileRef = 6F78B25E2540E972002D6567 /* Assets.xcassets */; };
		6F78B2622540E972002D6567 /* LaunchScreen.storyboard in Resources */ = {isa = PBXBuildFile; fileRef = 6F78B2602540E972002D6567 /* LaunchScreen.storyboard */; };
		6F78B26D2540E972002D6567 /* NoteTakingTests.swift in Sources */ = {isa = PBXBuildFile; fileRef = 6F78B26C2540E972002D6567 /* NoteTakingTests.swift */; };
		6F78B2782540E972002D6567 /* NoteTakingUITests.swift in Sources */ = {isa = PBXBuildFile; fileRef = 6F78B2772540E972002D6567 /* NoteTakingUITests.swift */; };
		6F78B2952540EA75002D6567 /* NoteTakingViewController.swift in Sources */ = {isa = PBXBuildFile; fileRef = 6F78B2942540EA75002D6567 /* NoteTakingViewController.swift */; };
		6F78B29F2540EC68002D6567 /* Coordinator.swift in Sources */ = {isa = PBXBuildFile; fileRef = 6F78B29E2540EC68002D6567 /* Coordinator.swift */; };
		6F78B2A42540EC87002D6567 /* UIView+ConstraintLayout.swift in Sources */ = {isa = PBXBuildFile; fileRef = 6F78B2A32540EC87002D6567 /* UIView+ConstraintLayout.swift */; };
		6F78B2B32540ED4A002D6567 /* FileBrowserCoordinator.swift in Sources */ = {isa = PBXBuildFile; fileRef = 6F78B2B22540ED4A002D6567 /* FileBrowserCoordinator.swift */; };
		6F78B2B82540ED5C002D6567 /* FileBrowserModel.swift in Sources */ = {isa = PBXBuildFile; fileRef = 6F78B2B72540ED5C002D6567 /* FileBrowserModel.swift */; };
		6F78B2C22540ED7E002D6567 /* FileBrowserViewModel.swift in Sources */ = {isa = PBXBuildFile; fileRef = 6F78B2C12540ED7E002D6567 /* FileBrowserViewModel.swift */; };
		6F78B2CA2540ED95002D6567 /* FileBrowserViewController.swift in Sources */ = {isa = PBXBuildFile; fileRef = 6F78B2C92540ED95002D6567 /* FileBrowserViewController.swift */; };
		6F78B2CF2540EDB1002D6567 /* NoteCoordinator.swift in Sources */ = {isa = PBXBuildFile; fileRef = 6F78B2CE2540EDB1002D6567 /* NoteCoordinator.swift */; };
		6F78B2D42540EDBA002D6567 /* NoteModel.swift in Sources */ = {isa = PBXBuildFile; fileRef = 6F78B2D32540EDBA002D6567 /* NoteModel.swift */; };
		6F78B2D92540EDCA002D6567 /* NoteViewController.swift in Sources */ = {isa = PBXBuildFile; fileRef = 6F78B2D82540EDCA002D6567 /* NoteViewController.swift */; };
		6F78B2DE2540EDDA002D6567 /* NoteViewModel.swift in Sources */ = {isa = PBXBuildFile; fileRef = 6F78B2DD2540EDDA002D6567 /* NoteViewModel.swift */; };
		6F78B30D25410C1E002D6567 /* ReuseIdentifiable.swift in Sources */ = {isa = PBXBuildFile; fileRef = 6F78B30C25410C1E002D6567 /* ReuseIdentifiable.swift */; };
		6F78B31325410CB5002D6567 /* PathComponentTableViewCell.swift in Sources */ = {isa = PBXBuildFile; fileRef = 6F78B31225410CB5002D6567 /* PathComponentTableViewCell.swift */; };
		6F78B31B25410D23002D6567 /* PathComponentTableView.swift in Sources */ = {isa = PBXBuildFile; fileRef = 6F78B31A25410D23002D6567 /* PathComponentTableView.swift */; };
		6F78B324254117A7002D6567 /* NoteTakingModel.swift in Sources */ = {isa = PBXBuildFile; fileRef = 6F78B323254117A7002D6567 /* NoteTakingModel.swift */; };
		6F78B32C25412FD2002D6567 /* PathComponent.swift in Sources */ = {isa = PBXBuildFile; fileRef = 6F78B32B25412FD2002D6567 /* PathComponent.swift */; };
		6F78B33125413703002D6567 /* NewComponentAlert.swift in Sources */ = {isa = PBXBuildFile; fileRef = 6F78B33025413703002D6567 /* NewComponentAlert.swift */; };
		6F78B33925414CBE002D6567 /* NoteTextView.swift in Sources */ = {isa = PBXBuildFile; fileRef = 6F78B33825414CBE002D6567 /* NoteTextView.swift */; };
		6F78B33E25414F7E002D6567 /* NoteToolbar.swift in Sources */ = {isa = PBXBuildFile; fileRef = 6F78B33D25414F7E002D6567 /* NoteToolbar.swift */; };
		6F78B34325415258002D6567 /* StackView.swift in Sources */ = {isa = PBXBuildFile; fileRef = 6F78B34225415258002D6567 /* StackView.swift */; };
		6F78B3482541563B002D6567 /* NSAttributedString+FileIO.swift in Sources */ = {isa = PBXBuildFile; fileRef = 6F78B3472541563B002D6567 /* NSAttributedString+FileIO.swift */; };
		6F78B35025416337002D6567 /* UIFont+Trait.swift in Sources */ = {isa = PBXBuildFile; fileRef = 6F78B34F25416337002D6567 /* UIFont+Trait.swift */; };
		6F78B3552541635A002D6567 /* UIImage+Resize.swift in Sources */ = {isa = PBXBuildFile; fileRef = 6F78B3542541635A002D6567 /* UIImage+Resize.swift */; };
		6F78B35A2541637E002D6567 /* NSMutableAttributedString+Attributes.swift in Sources */ = {isa = PBXBuildFile; fileRef = 6F78B3592541637E002D6567 /* NSMutableAttributedString+Attributes.swift */; };
		7C2E0D04CEE6EFDF3CBA713C /* Pods_NoteTaking.framework in Frameworks */ = {isa = PBXBuildFile; fileRef = 2AC9B6CA080386803EE90F15 /* Pods_NoteTaking.framework */; };
		D12B10ECF1ABE4E21C670991 /* Pods_NoteTakingTests.framework in Frameworks */ = {isa = PBXBuildFile; fileRef = 6447E483D6711FC010B191E5 /* Pods_NoteTakingTests.framework */; };
		DE1291AA6B8856494354E4DA /* Pods_NoteTaking_NoteTakingUITests.framework in Frameworks */ = {isa = PBXBuildFile; fileRef = 4A33ABF28905086E0DA43E10 /* Pods_NoteTaking_NoteTakingUITests.framework */; };
/* End PBXBuildFile section */

/* Begin PBXContainerItemProxy section */
		6F78B2692540E972002D6567 /* PBXContainerItemProxy */ = {
			isa = PBXContainerItemProxy;
			containerPortal = 6F78B24A2540E96C002D6567 /* Project object */;
			proxyType = 1;
			remoteGlobalIDString = 6F78B2512540E96C002D6567;
			remoteInfo = NoteTaking;
		};
		6F78B2742540E972002D6567 /* PBXContainerItemProxy */ = {
			isa = PBXContainerItemProxy;
			containerPortal = 6F78B24A2540E96C002D6567 /* Project object */;
			proxyType = 1;
			remoteGlobalIDString = 6F78B2512540E96C002D6567;
			remoteInfo = NoteTaking;
		};
/* End PBXContainerItemProxy section */

/* Begin PBXFileReference section */
		1B47D87571CF99397FF8B4C8 /* Pods-NoteTakingTests.debug.xcconfig */ = {isa = PBXFileReference; includeInIndex = 1; lastKnownFileType = text.xcconfig; name = "Pods-NoteTakingTests.debug.xcconfig"; path = "Target Support Files/Pods-NoteTakingTests/Pods-NoteTakingTests.debug.xcconfig"; sourceTree = "<group>"; };
		2AC9B6CA080386803EE90F15 /* Pods_NoteTaking.framework */ = {isa = PBXFileReference; explicitFileType = wrapper.framework; includeInIndex = 0; path = Pods_NoteTaking.framework; sourceTree = BUILT_PRODUCTS_DIR; };
		4A33ABF28905086E0DA43E10 /* Pods_NoteTaking_NoteTakingUITests.framework */ = {isa = PBXFileReference; explicitFileType = wrapper.framework; includeInIndex = 0; path = Pods_NoteTaking_NoteTakingUITests.framework; sourceTree = BUILT_PRODUCTS_DIR; };
		6447E483D6711FC010B191E5 /* Pods_NoteTakingTests.framework */ = {isa = PBXFileReference; explicitFileType = wrapper.framework; includeInIndex = 0; path = Pods_NoteTakingTests.framework; sourceTree = BUILT_PRODUCTS_DIR; };
		6F78B2522540E96C002D6567 /* NoteTaking.app */ = {isa = PBXFileReference; explicitFileType = wrapper.application; includeInIndex = 0; path = NoteTaking.app; sourceTree = BUILT_PRODUCTS_DIR; };
		6F78B2552540E96C002D6567 /* AppDelegate.swift */ = {isa = PBXFileReference; lastKnownFileType = sourcecode.swift; path = AppDelegate.swift; sourceTree = "<group>"; };
		6F78B2572540E96C002D6567 /* SceneDelegate.swift */ = {isa = PBXFileReference; lastKnownFileType = sourcecode.swift; path = SceneDelegate.swift; sourceTree = "<group>"; };
		6F78B25E2540E972002D6567 /* Assets.xcassets */ = {isa = PBXFileReference; lastKnownFileType = folder.assetcatalog; path = Assets.xcassets; sourceTree = "<group>"; };
		6F78B2612540E972002D6567 /* Base */ = {isa = PBXFileReference; lastKnownFileType = file.storyboard; name = Base; path = Base.lproj/LaunchScreen.storyboard; sourceTree = "<group>"; };
		6F78B2632540E972002D6567 /* Info.plist */ = {isa = PBXFileReference; lastKnownFileType = text.plist.xml; path = Info.plist; sourceTree = "<group>"; };
		6F78B2682540E972002D6567 /* NoteTakingTests.xctest */ = {isa = PBXFileReference; explicitFileType = wrapper.cfbundle; includeInIndex = 0; path = NoteTakingTests.xctest; sourceTree = BUILT_PRODUCTS_DIR; };
		6F78B26C2540E972002D6567 /* NoteTakingTests.swift */ = {isa = PBXFileReference; lastKnownFileType = sourcecode.swift; path = NoteTakingTests.swift; sourceTree = "<group>"; };
		6F78B26E2540E972002D6567 /* Info.plist */ = {isa = PBXFileReference; lastKnownFileType = text.plist.xml; path = Info.plist; sourceTree = "<group>"; };
		6F78B2732540E972002D6567 /* NoteTakingUITests.xctest */ = {isa = PBXFileReference; explicitFileType = wrapper.cfbundle; includeInIndex = 0; path = NoteTakingUITests.xctest; sourceTree = BUILT_PRODUCTS_DIR; };
		6F78B2772540E972002D6567 /* NoteTakingUITests.swift */ = {isa = PBXFileReference; lastKnownFileType = sourcecode.swift; path = NoteTakingUITests.swift; sourceTree = "<group>"; };
		6F78B2792540E972002D6567 /* Info.plist */ = {isa = PBXFileReference; lastKnownFileType = text.plist.xml; path = Info.plist; sourceTree = "<group>"; };
		6F78B2942540EA75002D6567 /* NoteTakingViewController.swift */ = {isa = PBXFileReference; lastKnownFileType = sourcecode.swift; path = NoteTakingViewController.swift; sourceTree = "<group>"; };
		6F78B29E2540EC68002D6567 /* Coordinator.swift */ = {isa = PBXFileReference; lastKnownFileType = sourcecode.swift; path = Coordinator.swift; sourceTree = "<group>"; };
		6F78B2A32540EC87002D6567 /* UIView+ConstraintLayout.swift */ = {isa = PBXFileReference; lastKnownFileType = sourcecode.swift; path = "UIView+ConstraintLayout.swift"; sourceTree = "<group>"; };
		6F78B2B22540ED4A002D6567 /* FileBrowserCoordinator.swift */ = {isa = PBXFileReference; lastKnownFileType = sourcecode.swift; path = FileBrowserCoordinator.swift; sourceTree = "<group>"; };
		6F78B2B72540ED5C002D6567 /* FileBrowserModel.swift */ = {isa = PBXFileReference; lastKnownFileType = sourcecode.swift; path = FileBrowserModel.swift; sourceTree = "<group>"; };
		6F78B2C12540ED7E002D6567 /* FileBrowserViewModel.swift */ = {isa = PBXFileReference; lastKnownFileType = sourcecode.swift; path = FileBrowserViewModel.swift; sourceTree = "<group>"; };
		6F78B2C92540ED95002D6567 /* FileBrowserViewController.swift */ = {isa = PBXFileReference; lastKnownFileType = sourcecode.swift; path = FileBrowserViewController.swift; sourceTree = "<group>"; };
		6F78B2CE2540EDB1002D6567 /* NoteCoordinator.swift */ = {isa = PBXFileReference; lastKnownFileType = sourcecode.swift; path = NoteCoordinator.swift; sourceTree = "<group>"; };
		6F78B2D32540EDBA002D6567 /* NoteModel.swift */ = {isa = PBXFileReference; lastKnownFileType = sourcecode.swift; path = NoteModel.swift; sourceTree = "<group>"; };
		6F78B2D82540EDCA002D6567 /* NoteViewController.swift */ = {isa = PBXFileReference; lastKnownFileType = sourcecode.swift; path = NoteViewController.swift; sourceTree = "<group>"; };
		6F78B2DD2540EDDA002D6567 /* NoteViewModel.swift */ = {isa = PBXFileReference; lastKnownFileType = sourcecode.swift; path = NoteViewModel.swift; sourceTree = "<group>"; };
		6F78B30C25410C1E002D6567 /* ReuseIdentifiable.swift */ = {isa = PBXFileReference; lastKnownFileType = sourcecode.swift; path = ReuseIdentifiable.swift; sourceTree = "<group>"; };
		6F78B31225410CB5002D6567 /* PathComponentTableViewCell.swift */ = {isa = PBXFileReference; lastKnownFileType = sourcecode.swift; path = PathComponentTableViewCell.swift; sourceTree = "<group>"; };
		6F78B31A25410D23002D6567 /* PathComponentTableView.swift */ = {isa = PBXFileReference; lastKnownFileType = sourcecode.swift; path = PathComponentTableView.swift; sourceTree = "<group>"; };
		6F78B323254117A7002D6567 /* NoteTakingModel.swift */ = {isa = PBXFileReference; lastKnownFileType = sourcecode.swift; path = NoteTakingModel.swift; sourceTree = "<group>"; };
		6F78B32B25412FD2002D6567 /* PathComponent.swift */ = {isa = PBXFileReference; lastKnownFileType = sourcecode.swift; path = PathComponent.swift; sourceTree = "<group>"; };
		6F78B33025413703002D6567 /* NewComponentAlert.swift */ = {isa = PBXFileReference; lastKnownFileType = sourcecode.swift; path = NewComponentAlert.swift; sourceTree = "<group>"; };
		6F78B33825414CBE002D6567 /* NoteTextView.swift */ = {isa = PBXFileReference; lastKnownFileType = sourcecode.swift; path = NoteTextView.swift; sourceTree = "<group>"; };
		6F78B33D25414F7E002D6567 /* NoteToolbar.swift */ = {isa = PBXFileReference; lastKnownFileType = sourcecode.swift; path = NoteToolbar.swift; sourceTree = "<group>"; };
		6F78B34225415258002D6567 /* StackView.swift */ = {isa = PBXFileReference; lastKnownFileType = sourcecode.swift; path = StackView.swift; sourceTree = "<group>"; };
		6F78B3472541563B002D6567 /* NSAttributedString+FileIO.swift */ = {isa = PBXFileReference; lastKnownFileType = sourcecode.swift; path = "NSAttributedString+FileIO.swift"; sourceTree = "<group>"; };
		6F78B34F25416337002D6567 /* UIFont+Trait.swift */ = {isa = PBXFileReference; lastKnownFileType = sourcecode.swift; path = "UIFont+Trait.swift"; sourceTree = "<group>"; };
		6F78B3542541635A002D6567 /* UIImage+Resize.swift */ = {isa = PBXFileReference; lastKnownFileType = sourcecode.swift; path = "UIImage+Resize.swift"; sourceTree = "<group>"; };
		6F78B3592541637E002D6567 /* NSMutableAttributedString+Attributes.swift */ = {isa = PBXFileReference; lastKnownFileType = sourcecode.swift; path = "NSMutableAttributedString+Attributes.swift"; sourceTree = "<group>"; };
		7740836A7FF5B9B4AED02D4D /* Pods-NoteTaking-NoteTakingUITests.release.xcconfig */ = {isa = PBXFileReference; includeInIndex = 1; lastKnownFileType = text.xcconfig; name = "Pods-NoteTaking-NoteTakingUITests.release.xcconfig"; path = "Target Support Files/Pods-NoteTaking-NoteTakingUITests/Pods-NoteTaking-NoteTakingUITests.release.xcconfig"; sourceTree = "<group>"; };
		A635C835FB79FEADC4681C10 /* Pods-NoteTaking-NoteTakingUITests.debug.xcconfig */ = {isa = PBXFileReference; includeInIndex = 1; lastKnownFileType = text.xcconfig; name = "Pods-NoteTaking-NoteTakingUITests.debug.xcconfig"; path = "Target Support Files/Pods-NoteTaking-NoteTakingUITests/Pods-NoteTaking-NoteTakingUITests.debug.xcconfig"; sourceTree = "<group>"; };
		AAABF39CFD204A5777163597 /* Pods-NoteTaking.release.xcconfig */ = {isa = PBXFileReference; includeInIndex = 1; lastKnownFileType = text.xcconfig; name = "Pods-NoteTaking.release.xcconfig"; path = "Target Support Files/Pods-NoteTaking/Pods-NoteTaking.release.xcconfig"; sourceTree = "<group>"; };
		C83D6443386330A9E6C1292E /* Pods-NoteTakingTests.release.xcconfig */ = {isa = PBXFileReference; includeInIndex = 1; lastKnownFileType = text.xcconfig; name = "Pods-NoteTakingTests.release.xcconfig"; path = "Target Support Files/Pods-NoteTakingTests/Pods-NoteTakingTests.release.xcconfig"; sourceTree = "<group>"; };
		CDB32AF9C4561FC5D6299C37 /* Pods-NoteTaking.debug.xcconfig */ = {isa = PBXFileReference; includeInIndex = 1; lastKnownFileType = text.xcconfig; name = "Pods-NoteTaking.debug.xcconfig"; path = "Target Support Files/Pods-NoteTaking/Pods-NoteTaking.debug.xcconfig"; sourceTree = "<group>"; };
/* End PBXFileReference section */

/* Begin PBXFrameworksBuildPhase section */
		6F78B24F2540E96C002D6567 /* Frameworks */ = {
			isa = PBXFrameworksBuildPhase;
			buildActionMask = 2147483647;
			files = (
				7C2E0D04CEE6EFDF3CBA713C /* Pods_NoteTaking.framework in Frameworks */,
			);
			runOnlyForDeploymentPostprocessing = 0;
		};
		6F78B2652540E972002D6567 /* Frameworks */ = {
			isa = PBXFrameworksBuildPhase;
			buildActionMask = 2147483647;
			files = (
				D12B10ECF1ABE4E21C670991 /* Pods_NoteTakingTests.framework in Frameworks */,
			);
			runOnlyForDeploymentPostprocessing = 0;
		};
		6F78B2702540E972002D6567 /* Frameworks */ = {
			isa = PBXFrameworksBuildPhase;
			buildActionMask = 2147483647;
			files = (
				DE1291AA6B8856494354E4DA /* Pods_NoteTaking_NoteTakingUITests.framework in Frameworks */,
			);
			runOnlyForDeploymentPostprocessing = 0;
		};
/* End PBXFrameworksBuildPhase section */

/* Begin PBXGroup section */
		0AC63EB84D25CA844D74FDE9 /* Frameworks */ = {
			isa = PBXGroup;
			children = (
				2AC9B6CA080386803EE90F15 /* Pods_NoteTaking.framework */,
				4A33ABF28905086E0DA43E10 /* Pods_NoteTaking_NoteTakingUITests.framework */,
				6447E483D6711FC010B191E5 /* Pods_NoteTakingTests.framework */,
			);
			name = Frameworks;
			sourceTree = "<group>";
		};
		6F78B2492540E96C002D6567 = {
			isa = PBXGroup;
			children = (
				6F78B2542540E96C002D6567 /* NoteTaking */,
				6F78B26B2540E972002D6567 /* NoteTakingTests */,
				6F78B2762540E972002D6567 /* NoteTakingUITests */,
				6F78B2532540E96C002D6567 /* Products */,
				F916AA81DC743001F119836C /* Pods */,
				0AC63EB84D25CA844D74FDE9 /* Frameworks */,
			);
			sourceTree = "<group>";
		};
		6F78B2532540E96C002D6567 /* Products */ = {
			isa = PBXGroup;
			children = (
				6F78B2522540E96C002D6567 /* NoteTaking.app */,
				6F78B2682540E972002D6567 /* NoteTakingTests.xctest */,
				6F78B2732540E972002D6567 /* NoteTakingUITests.xctest */,
			);
			name = Products;
			sourceTree = "<group>";
		};
		6F78B2542540E96C002D6567 /* NoteTaking */ = {
			isa = PBXGroup;
			children = (
				6F78B2922540EA4F002D6567 /* Common */,
				6F78B2A92540ECCA002D6567 /* FileBrowser */,
				6F78B2A82540ECC5002D6567 /* Note */,
				6F78B28B2540EA29002D6567 /* Supporting Files */,
				6F78B2632540E972002D6567 /* Info.plist */,
			);
			path = NoteTaking;
			sourceTree = "<group>";
		};
		6F78B26B2540E972002D6567 /* NoteTakingTests */ = {
			isa = PBXGroup;
			children = (
				6F78B26C2540E972002D6567 /* NoteTakingTests.swift */,
				6F78B26E2540E972002D6567 /* Info.plist */,
			);
			path = NoteTakingTests;
			sourceTree = "<group>";
		};
		6F78B2762540E972002D6567 /* NoteTakingUITests */ = {
			isa = PBXGroup;
			children = (
				6F78B2772540E972002D6567 /* NoteTakingUITests.swift */,
				6F78B2792540E972002D6567 /* Info.plist */,
			);
			path = NoteTakingUITests;
			sourceTree = "<group>";
		};
		6F78B28B2540EA29002D6567 /* Supporting Files */ = {
			isa = PBXGroup;
			children = (
				6F78B2552540E96C002D6567 /* AppDelegate.swift */,
				6F78B2572540E96C002D6567 /* SceneDelegate.swift */,
				6F78B25E2540E972002D6567 /* Assets.xcassets */,
				6F78B2602540E972002D6567 /* LaunchScreen.storyboard */,
			);
			path = "Supporting Files";
			sourceTree = "<group>";
		};
		6F78B2922540EA4F002D6567 /* Common */ = {
			isa = PBXGroup;
			children = (
				6F78B2932540EA55002D6567 /* Controller */,
				6F78B29C2540EC38002D6567 /* Coordinator */,
				6F78B32225411783002D6567 /* Model */,
				6F78B29D2540EC41002D6567 /* Utils */,
			);
			path = Common;
			sourceTree = "<group>";
		};
		6F78B2932540EA55002D6567 /* Controller */ = {
			isa = PBXGroup;
			children = (
				6F78B2942540EA75002D6567 /* NoteTakingViewController.swift */,
			);
			path = Controller;
			sourceTree = "<group>";
		};
		6F78B29C2540EC38002D6567 /* Coordinator */ = {
			isa = PBXGroup;
			children = (
				6F78B29E2540EC68002D6567 /* Coordinator.swift */,
			);
			path = Coordinator;
			sourceTree = "<group>";
		};
		6F78B29D2540EC41002D6567 /* Utils */ = {
			isa = PBXGroup;
			children = (
				6F78B3472541563B002D6567 /* NSAttributedString+FileIO.swift */,
				6F78B3592541637E002D6567 /* NSMutableAttributedString+Attributes.swift */,
				6F78B30C25410C1E002D6567 /* ReuseIdentifiable.swift */,
				6F78B34225415258002D6567 /* StackView.swift */,
				6F78B34F25416337002D6567 /* UIFont+Trait.swift */,
				6F78B3542541635A002D6567 /* UIImage+Resize.swift */,
				6F78B2A32540EC87002D6567 /* UIView+ConstraintLayout.swift */,
			);
			path = Utils;
			sourceTree = "<group>";
		};
		6F78B2A82540ECC5002D6567 /* Note */ = {
			isa = PBXGroup;
			children = (
				6F78B2B12540ED24002D6567 /* Coordinator */,
				6F78B2AF2540ED1B002D6567 /* Model */,
				6F78B2B02540ED1E002D6567 /* View */,
				6F78B2AE2540ED16002D6567 /* View Model */,
			);
			path = Note;
			sourceTree = "<group>";
		};
		6F78B2A92540ECCA002D6567 /* FileBrowser */ = {
			isa = PBXGroup;
			children = (
				6F78B2AD2540ED11002D6567 /* Coordinator */,
				6F78B2AC2540ED0E002D6567 /* Model */,
				6F78B2AB2540ED0A002D6567 /* View */,
				6F78B2AA2540ECF2002D6567 /* View Model */,
			);
			path = FileBrowser;
			sourceTree = "<group>";
		};
		6F78B2AA2540ECF2002D6567 /* View Model */ = {
			isa = PBXGroup;
			children = (
				6F78B2C12540ED7E002D6567 /* FileBrowserViewModel.swift */,
			);
			path = "View Model";
			sourceTree = "<group>";
		};
		6F78B2AB2540ED0A002D6567 /* View */ = {
			isa = PBXGroup;
			children = (
				6F78B2C92540ED95002D6567 /* FileBrowserViewController.swift */,
				6F78B33025413703002D6567 /* NewComponentAlert.swift */,
				6F78B31125410C7D002D6567 /* PathComponentTable */,
			);
			path = View;
			sourceTree = "<group>";
		};
		6F78B2AC2540ED0E002D6567 /* Model */ = {
			isa = PBXGroup;
			children = (
				6F78B2B72540ED5C002D6567 /* FileBrowserModel.swift */,
				6F78B32B25412FD2002D6567 /* PathComponent.swift */,
			);
			path = Model;
			sourceTree = "<group>";
		};
		6F78B2AD2540ED11002D6567 /* Coordinator */ = {
			isa = PBXGroup;
			children = (
				6F78B2B22540ED4A002D6567 /* FileBrowserCoordinator.swift */,
			);
			path = Coordinator;
			sourceTree = "<group>";
		};
		6F78B2AE2540ED16002D6567 /* View Model */ = {
			isa = PBXGroup;
			children = (
				6F78B2DD2540EDDA002D6567 /* NoteViewModel.swift */,
			);
			path = "View Model";
			sourceTree = "<group>";
		};
		6F78B2AF2540ED1B002D6567 /* Model */ = {
			isa = PBXGroup;
			children = (
				6F78B2D32540EDBA002D6567 /* NoteModel.swift */,
			);
			path = Model;
			sourceTree = "<group>";
		};
		6F78B2B02540ED1E002D6567 /* View */ = {
			isa = PBXGroup;
			children = (
				6F78B2D82540EDCA002D6567 /* NoteViewController.swift */,
				6F78B33825414CBE002D6567 /* NoteTextView.swift */,
				6F78B33D25414F7E002D6567 /* NoteToolbar.swift */,
			);
			path = View;
			sourceTree = "<group>";
		};
		6F78B2B12540ED24002D6567 /* Coordinator */ = {
			isa = PBXGroup;
			children = (
				6F78B2CE2540EDB1002D6567 /* NoteCoordinator.swift */,
			);
			path = Coordinator;
			sourceTree = "<group>";
		};
		6F78B31125410C7D002D6567 /* PathComponentTable */ = {
			isa = PBXGroup;
			children = (
				6F78B31A25410D23002D6567 /* PathComponentTableView.swift */,
				6F78B31225410CB5002D6567 /* PathComponentTableViewCell.swift */,
			);
			path = PathComponentTable;
			sourceTree = "<group>";
		};
		6F78B32225411783002D6567 /* Model */ = {
			isa = PBXGroup;
			children = (
				6F78B323254117A7002D6567 /* NoteTakingModel.swift */,
			);
			path = Model;
			sourceTree = "<group>";
		};
		F916AA81DC743001F119836C /* Pods */ = {
			isa = PBXGroup;
			children = (
				CDB32AF9C4561FC5D6299C37 /* Pods-NoteTaking.debug.xcconfig */,
				AAABF39CFD204A5777163597 /* Pods-NoteTaking.release.xcconfig */,
				A635C835FB79FEADC4681C10 /* Pods-NoteTaking-NoteTakingUITests.debug.xcconfig */,
				7740836A7FF5B9B4AED02D4D /* Pods-NoteTaking-NoteTakingUITests.release.xcconfig */,
				1B47D87571CF99397FF8B4C8 /* Pods-NoteTakingTests.debug.xcconfig */,
				C83D6443386330A9E6C1292E /* Pods-NoteTakingTests.release.xcconfig */,
			);
			path = Pods;
			sourceTree = "<group>";
		};
/* End PBXGroup section */

/* Begin PBXNativeTarget section */
		6F78B2512540E96C002D6567 /* NoteTaking */ = {
			isa = PBXNativeTarget;
			buildConfigurationList = 6F78B27C2540E972002D6567 /* Build configuration list for PBXNativeTarget "NoteTaking" */;
			buildPhases = (
				6D5B92D52CB99EC915B8FCE2 /* [CP] Check Pods Manifest.lock */,
				6F78B24E2540E96C002D6567 /* Sources */,
				6F78B24F2540E96C002D6567 /* Frameworks */,
				6F78B2502540E96C002D6567 /* Resources */,
				D113285183EE57967F9432D2 /* [CP] Embed Pods Frameworks */,
			);
			buildRules = (
			);
			dependencies = (
			);
			name = NoteTaking;
			productName = NoteTaking;
			productReference = 6F78B2522540E96C002D6567 /* NoteTaking.app */;
			productType = "com.apple.product-type.application";
		};
		6F78B2672540E972002D6567 /* NoteTakingTests */ = {
			isa = PBXNativeTarget;
			buildConfigurationList = 6F78B27F2540E972002D6567 /* Build configuration list for PBXNativeTarget "NoteTakingTests" */;
			buildPhases = (
				4A741629A550B14086DD2070 /* [CP] Check Pods Manifest.lock */,
				6F78B2642540E972002D6567 /* Sources */,
				6F78B2652540E972002D6567 /* Frameworks */,
				6F78B2662540E972002D6567 /* Resources */,
			);
			buildRules = (
			);
			dependencies = (
				6F78B26A2540E972002D6567 /* PBXTargetDependency */,
			);
			name = NoteTakingTests;
			productName = NoteTakingTests;
			productReference = 6F78B2682540E972002D6567 /* NoteTakingTests.xctest */;
			productType = "com.apple.product-type.bundle.unit-test";
		};
		6F78B2722540E972002D6567 /* NoteTakingUITests */ = {
			isa = PBXNativeTarget;
			buildConfigurationList = 6F78B2822540E972002D6567 /* Build configuration list for PBXNativeTarget "NoteTakingUITests" */;
			buildPhases = (
				F0F4D2BF5328971AF52C5B90 /* [CP] Check Pods Manifest.lock */,
				6F78B26F2540E972002D6567 /* Sources */,
				6F78B2702540E972002D6567 /* Frameworks */,
				6F78B2712540E972002D6567 /* Resources */,
				092B0A79F71B2DF78D52A854 /* [CP] Embed Pods Frameworks */,
			);
			buildRules = (
			);
			dependencies = (
				6F78B2752540E972002D6567 /* PBXTargetDependency */,
			);
			name = NoteTakingUITests;
			productName = NoteTakingUITests;
			productReference = 6F78B2732540E972002D6567 /* NoteTakingUITests.xctest */;
			productType = "com.apple.product-type.bundle.ui-testing";
		};
/* End PBXNativeTarget section */

/* Begin PBXProject section */
		6F78B24A2540E96C002D6567 /* Project object */ = {
			isa = PBXProject;
			attributes = {
				LastSwiftUpdateCheck = 1210;
				LastUpgradeCheck = 1210;
				TargetAttributes = {
					6F78B2512540E96C002D6567 = {
						CreatedOnToolsVersion = 12.1;
					};
					6F78B2672540E972002D6567 = {
						CreatedOnToolsVersion = 12.1;
						TestTargetID = 6F78B2512540E96C002D6567;
					};
					6F78B2722540E972002D6567 = {
						CreatedOnToolsVersion = 12.1;
						TestTargetID = 6F78B2512540E96C002D6567;
					};
				};
			};
			buildConfigurationList = 6F78B24D2540E96C002D6567 /* Build configuration list for PBXProject "NoteTaking" */;
			compatibilityVersion = "Xcode 9.3";
			developmentRegion = en;
			hasScannedForEncodings = 0;
			knownRegions = (
				en,
				Base,
			);
			mainGroup = 6F78B2492540E96C002D6567;
			productRefGroup = 6F78B2532540E96C002D6567 /* Products */;
			projectDirPath = "";
			projectRoot = "";
			targets = (
				6F78B2512540E96C002D6567 /* NoteTaking */,
				6F78B2672540E972002D6567 /* NoteTakingTests */,
				6F78B2722540E972002D6567 /* NoteTakingUITests */,
			);
		};
/* End PBXProject section */

/* Begin PBXResourcesBuildPhase section */
		6F78B2502540E96C002D6567 /* Resources */ = {
			isa = PBXResourcesBuildPhase;
			buildActionMask = 2147483647;
			files = (
				6F78B2622540E972002D6567 /* LaunchScreen.storyboard in Resources */,
				6F78B25F2540E972002D6567 /* Assets.xcassets in Resources */,
			);
			runOnlyForDeploymentPostprocessing = 0;
		};
		6F78B2662540E972002D6567 /* Resources */ = {
			isa = PBXResourcesBuildPhase;
			buildActionMask = 2147483647;
			files = (
			);
			runOnlyForDeploymentPostprocessing = 0;
		};
		6F78B2712540E972002D6567 /* Resources */ = {
			isa = PBXResourcesBuildPhase;
			buildActionMask = 2147483647;
			files = (
			);
			runOnlyForDeploymentPostprocessing = 0;
		};
/* End PBXResourcesBuildPhase section */

/* Begin PBXShellScriptBuildPhase section */
		092B0A79F71B2DF78D52A854 /* [CP] Embed Pods Frameworks */ = {
			isa = PBXShellScriptBuildPhase;
			buildActionMask = 2147483647;
			files = (
			);
			inputFileListPaths = (
				"${PODS_ROOT}/Target Support Files/Pods-NoteTaking-NoteTakingUITests/Pods-NoteTaking-NoteTakingUITests-frameworks-${CONFIGURATION}-input-files.xcfilelist",
			);
			name = "[CP] Embed Pods Frameworks";
			outputFileListPaths = (
				"${PODS_ROOT}/Target Support Files/Pods-NoteTaking-NoteTakingUITests/Pods-NoteTaking-NoteTakingUITests-frameworks-${CONFIGURATION}-output-files.xcfilelist",
			);
			runOnlyForDeploymentPostprocessing = 0;
			shellPath = /bin/sh;
			shellScript = "\"${PODS_ROOT}/Target Support Files/Pods-NoteTaking-NoteTakingUITests/Pods-NoteTaking-NoteTakingUITests-frameworks.sh\"\n";
			showEnvVarsInLog = 0;
		};
		4A741629A550B14086DD2070 /* [CP] Check Pods Manifest.lock */ = {
			isa = PBXShellScriptBuildPhase;
			buildActionMask = 2147483647;
			files = (
			);
			inputFileListPaths = (
			);
			inputPaths = (
				"${PODS_PODFILE_DIR_PATH}/Podfile.lock",
				"${PODS_ROOT}/Manifest.lock",
			);
			name = "[CP] Check Pods Manifest.lock";
			outputFileListPaths = (
			);
			outputPaths = (
				"$(DERIVED_FILE_DIR)/Pods-NoteTakingTests-checkManifestLockResult.txt",
			);
			runOnlyForDeploymentPostprocessing = 0;
			shellPath = /bin/sh;
			shellScript = "diff \"${PODS_PODFILE_DIR_PATH}/Podfile.lock\" \"${PODS_ROOT}/Manifest.lock\" > /dev/null\nif [ $? != 0 ] ; then\n    # print error to STDERR\n    echo \"error: The sandbox is not in sync with the Podfile.lock. Run 'pod install' or update your CocoaPods installation.\" >&2\n    exit 1\nfi\n# This output is used by Xcode 'outputs' to avoid re-running this script phase.\necho \"SUCCESS\" > \"${SCRIPT_OUTPUT_FILE_0}\"\n";
			showEnvVarsInLog = 0;
		};
		6D5B92D52CB99EC915B8FCE2 /* [CP] Check Pods Manifest.lock */ = {
			isa = PBXShellScriptBuildPhase;
			buildActionMask = 2147483647;
			files = (
			);
			inputFileListPaths = (
			);
			inputPaths = (
				"${PODS_PODFILE_DIR_PATH}/Podfile.lock",
				"${PODS_ROOT}/Manifest.lock",
			);
			name = "[CP] Check Pods Manifest.lock";
			outputFileListPaths = (
			);
			outputPaths = (
				"$(DERIVED_FILE_DIR)/Pods-NoteTaking-checkManifestLockResult.txt",
			);
			runOnlyForDeploymentPostprocessing = 0;
			shellPath = /bin/sh;
			shellScript = "diff \"${PODS_PODFILE_DIR_PATH}/Podfile.lock\" \"${PODS_ROOT}/Manifest.lock\" > /dev/null\nif [ $? != 0 ] ; then\n    # print error to STDERR\n    echo \"error: The sandbox is not in sync with the Podfile.lock. Run 'pod install' or update your CocoaPods installation.\" >&2\n    exit 1\nfi\n# This output is used by Xcode 'outputs' to avoid re-running this script phase.\necho \"SUCCESS\" > \"${SCRIPT_OUTPUT_FILE_0}\"\n";
			showEnvVarsInLog = 0;
		};
		D113285183EE57967F9432D2 /* [CP] Embed Pods Frameworks */ = {
			isa = PBXShellScriptBuildPhase;
			buildActionMask = 2147483647;
			files = (
			);
			inputFileListPaths = (
				"${PODS_ROOT}/Target Support Files/Pods-NoteTaking/Pods-NoteTaking-frameworks-${CONFIGURATION}-input-files.xcfilelist",
			);
			name = "[CP] Embed Pods Frameworks";
			outputFileListPaths = (
				"${PODS_ROOT}/Target Support Files/Pods-NoteTaking/Pods-NoteTaking-frameworks-${CONFIGURATION}-output-files.xcfilelist",
			);
			runOnlyForDeploymentPostprocessing = 0;
			shellPath = /bin/sh;
			shellScript = "\"${PODS_ROOT}/Target Support Files/Pods-NoteTaking/Pods-NoteTaking-frameworks.sh\"\n";
			showEnvVarsInLog = 0;
		};
		F0F4D2BF5328971AF52C5B90 /* [CP] Check Pods Manifest.lock */ = {
			isa = PBXShellScriptBuildPhase;
			buildActionMask = 2147483647;
			files = (
			);
			inputFileListPaths = (
			);
			inputPaths = (
				"${PODS_PODFILE_DIR_PATH}/Podfile.lock",
				"${PODS_ROOT}/Manifest.lock",
			);
			name = "[CP] Check Pods Manifest.lock";
			outputFileListPaths = (
			);
			outputPaths = (
				"$(DERIVED_FILE_DIR)/Pods-NoteTaking-NoteTakingUITests-checkManifestLockResult.txt",
			);
			runOnlyForDeploymentPostprocessing = 0;
			shellPath = /bin/sh;
			shellScript = "diff \"${PODS_PODFILE_DIR_PATH}/Podfile.lock\" \"${PODS_ROOT}/Manifest.lock\" > /dev/null\nif [ $? != 0 ] ; then\n    # print error to STDERR\n    echo \"error: The sandbox is not in sync with the Podfile.lock. Run 'pod install' or update your CocoaPods installation.\" >&2\n    exit 1\nfi\n# This output is used by Xcode 'outputs' to avoid re-running this script phase.\necho \"SUCCESS\" > \"${SCRIPT_OUTPUT_FILE_0}\"\n";
			showEnvVarsInLog = 0;
		};
/* End PBXShellScriptBuildPhase section */

/* Begin PBXSourcesBuildPhase section */
		6F78B24E2540E96C002D6567 /* Sources */ = {
			isa = PBXSourcesBuildPhase;
			buildActionMask = 2147483647;
			files = (
				6F78B29F2540EC68002D6567 /* Coordinator.swift in Sources */,
				6F78B35025416337002D6567 /* UIFont+Trait.swift in Sources */,
				6F78B34325415258002D6567 /* StackView.swift in Sources */,
				6F78B35A2541637E002D6567 /* NSMutableAttributedString+Attributes.swift in Sources */,
				6F78B3552541635A002D6567 /* UIImage+Resize.swift in Sources */,
				6F78B31325410CB5002D6567 /* PathComponentTableViewCell.swift in Sources */,
				6F78B2CA2540ED95002D6567 /* FileBrowserViewController.swift in Sources */,
				6F78B3482541563B002D6567 /* NSAttributedString+FileIO.swift in Sources */,
				6F78B2DE2540EDDA002D6567 /* NoteViewModel.swift in Sources */,
				6F78B2CF2540EDB1002D6567 /* NoteCoordinator.swift in Sources */,
				6F78B2562540E96C002D6567 /* AppDelegate.swift in Sources */,
				6F78B2D92540EDCA002D6567 /* NoteViewController.swift in Sources */,
				6F78B33925414CBE002D6567 /* NoteTextView.swift in Sources */,
				6F78B33125413703002D6567 /* NewComponentAlert.swift in Sources */,
				6F78B2952540EA75002D6567 /* NoteTakingViewController.swift in Sources */,
				6F78B324254117A7002D6567 /* NoteTakingModel.swift in Sources */,
				6F78B2582540E96C002D6567 /* SceneDelegate.swift in Sources */,
				6F78B30D25410C1E002D6567 /* ReuseIdentifiable.swift in Sources */,
				6F78B31B25410D23002D6567 /* PathComponentTableView.swift in Sources */,
				6F78B2A42540EC87002D6567 /* UIView+ConstraintLayout.swift in Sources */,
				6F78B2D42540EDBA002D6567 /* NoteModel.swift in Sources */,
				6F78B2B82540ED5C002D6567 /* FileBrowserModel.swift in Sources */,
				6F78B33E25414F7E002D6567 /* NoteToolbar.swift in Sources */,
				6F78B2C22540ED7E002D6567 /* FileBrowserViewModel.swift in Sources */,
				6F78B32C25412FD2002D6567 /* PathComponent.swift in Sources */,
				6F78B2B32540ED4A002D6567 /* FileBrowserCoordinator.swift in Sources */,
			);
			runOnlyForDeploymentPostprocessing = 0;
		};
		6F78B2642540E972002D6567 /* Sources */ = {
			isa = PBXSourcesBuildPhase;
			buildActionMask = 2147483647;
			files = (
				6F78B26D2540E972002D6567 /* NoteTakingTests.swift in Sources */,
			);
			runOnlyForDeploymentPostprocessing = 0;
		};
		6F78B26F2540E972002D6567 /* Sources */ = {
			isa = PBXSourcesBuildPhase;
			buildActionMask = 2147483647;
			files = (
				6F78B2782540E972002D6567 /* NoteTakingUITests.swift in Sources */,
			);
			runOnlyForDeploymentPostprocessing = 0;
		};
/* End PBXSourcesBuildPhase section */

/* Begin PBXTargetDependency section */
		6F78B26A2540E972002D6567 /* PBXTargetDependency */ = {
			isa = PBXTargetDependency;
			target = 6F78B2512540E96C002D6567 /* NoteTaking */;
			targetProxy = 6F78B2692540E972002D6567 /* PBXContainerItemProxy */;
		};
		6F78B2752540E972002D6567 /* PBXTargetDependency */ = {
			isa = PBXTargetDependency;
			target = 6F78B2512540E96C002D6567 /* NoteTaking */;
			targetProxy = 6F78B2742540E972002D6567 /* PBXContainerItemProxy */;
		};
/* End PBXTargetDependency section */

/* Begin PBXVariantGroup section */
		6F78B2602540E972002D6567 /* LaunchScreen.storyboard */ = {
			isa = PBXVariantGroup;
			children = (
				6F78B2612540E972002D6567 /* Base */,
			);
			name = LaunchScreen.storyboard;
			sourceTree = "<group>";
		};
/* End PBXVariantGroup section */

/* Begin XCBuildConfiguration section */
		6F78B27A2540E972002D6567 /* Debug */ = {
			isa = XCBuildConfiguration;
			buildSettings = {
				ALWAYS_SEARCH_USER_PATHS = NO;
				CLANG_ANALYZER_NONNULL = YES;
				CLANG_ANALYZER_NUMBER_OBJECT_CONVERSION = YES_AGGRESSIVE;
				CLANG_CXX_LANGUAGE_STANDARD = "gnu++14";
				CLANG_CXX_LIBRARY = "libc++";
				CLANG_ENABLE_MODULES = YES;
				CLANG_ENABLE_OBJC_ARC = YES;
				CLANG_ENABLE_OBJC_WEAK = YES;
				CLANG_WARN_BLOCK_CAPTURE_AUTORELEASING = YES;
				CLANG_WARN_BOOL_CONVERSION = YES;
				CLANG_WARN_COMMA = YES;
				CLANG_WARN_CONSTANT_CONVERSION = YES;
				CLANG_WARN_DEPRECATED_OBJC_IMPLEMENTATIONS = YES;
				CLANG_WARN_DIRECT_OBJC_ISA_USAGE = YES_ERROR;
				CLANG_WARN_DOCUMENTATION_COMMENTS = YES;
				CLANG_WARN_EMPTY_BODY = YES;
				CLANG_WARN_ENUM_CONVERSION = YES;
				CLANG_WARN_INFINITE_RECURSION = YES;
				CLANG_WARN_INT_CONVERSION = YES;
				CLANG_WARN_NON_LITERAL_NULL_CONVERSION = YES;
				CLANG_WARN_OBJC_IMPLICIT_RETAIN_SELF = YES;
				CLANG_WARN_OBJC_LITERAL_CONVERSION = YES;
				CLANG_WARN_OBJC_ROOT_CLASS = YES_ERROR;
				CLANG_WARN_QUOTED_INCLUDE_IN_FRAMEWORK_HEADER = YES;
				CLANG_WARN_RANGE_LOOP_ANALYSIS = YES;
				CLANG_WARN_STRICT_PROTOTYPES = YES;
				CLANG_WARN_SUSPICIOUS_MOVE = YES;
				CLANG_WARN_UNGUARDED_AVAILABILITY = YES_AGGRESSIVE;
				CLANG_WARN_UNREACHABLE_CODE = YES;
				CLANG_WARN__DUPLICATE_METHOD_MATCH = YES;
				COPY_PHASE_STRIP = NO;
				DEBUG_INFORMATION_FORMAT = dwarf;
				ENABLE_STRICT_OBJC_MSGSEND = YES;
				ENABLE_TESTABILITY = YES;
				GCC_C_LANGUAGE_STANDARD = gnu11;
				GCC_DYNAMIC_NO_PIC = NO;
				GCC_NO_COMMON_BLOCKS = YES;
				GCC_OPTIMIZATION_LEVEL = 0;
				GCC_PREPROCESSOR_DEFINITIONS = (
					"DEBUG=1",
					"$(inherited)",
				);
				GCC_WARN_64_TO_32_BIT_CONVERSION = YES;
				GCC_WARN_ABOUT_RETURN_TYPE = YES_ERROR;
				GCC_WARN_UNDECLARED_SELECTOR = YES;
				GCC_WARN_UNINITIALIZED_AUTOS = YES_AGGRESSIVE;
				GCC_WARN_UNUSED_FUNCTION = YES;
				GCC_WARN_UNUSED_VARIABLE = YES;
				IPHONEOS_DEPLOYMENT_TARGET = 14.1;
				MTL_ENABLE_DEBUG_INFO = INCLUDE_SOURCE;
				MTL_FAST_MATH = YES;
				ONLY_ACTIVE_ARCH = YES;
				SDKROOT = iphoneos;
				SWIFT_ACTIVE_COMPILATION_CONDITIONS = DEBUG;
				SWIFT_OPTIMIZATION_LEVEL = "-Onone";
			};
			name = Debug;
		};
		6F78B27B2540E972002D6567 /* Release */ = {
			isa = XCBuildConfiguration;
			buildSettings = {
				ALWAYS_SEARCH_USER_PATHS = NO;
				CLANG_ANALYZER_NONNULL = YES;
				CLANG_ANALYZER_NUMBER_OBJECT_CONVERSION = YES_AGGRESSIVE;
				CLANG_CXX_LANGUAGE_STANDARD = "gnu++14";
				CLANG_CXX_LIBRARY = "libc++";
				CLANG_ENABLE_MODULES = YES;
				CLANG_ENABLE_OBJC_ARC = YES;
				CLANG_ENABLE_OBJC_WEAK = YES;
				CLANG_WARN_BLOCK_CAPTURE_AUTORELEASING = YES;
				CLANG_WARN_BOOL_CONVERSION = YES;
				CLANG_WARN_COMMA = YES;
				CLANG_WARN_CONSTANT_CONVERSION = YES;
				CLANG_WARN_DEPRECATED_OBJC_IMPLEMENTATIONS = YES;
				CLANG_WARN_DIRECT_OBJC_ISA_USAGE = YES_ERROR;
				CLANG_WARN_DOCUMENTATION_COMMENTS = YES;
				CLANG_WARN_EMPTY_BODY = YES;
				CLANG_WARN_ENUM_CONVERSION = YES;
				CLANG_WARN_INFINITE_RECURSION = YES;
				CLANG_WARN_INT_CONVERSION = YES;
				CLANG_WARN_NON_LITERAL_NULL_CONVERSION = YES;
				CLANG_WARN_OBJC_IMPLICIT_RETAIN_SELF = YES;
				CLANG_WARN_OBJC_LITERAL_CONVERSION = YES;
				CLANG_WARN_OBJC_ROOT_CLASS = YES_ERROR;
				CLANG_WARN_QUOTED_INCLUDE_IN_FRAMEWORK_HEADER = YES;
				CLANG_WARN_RANGE_LOOP_ANALYSIS = YES;
				CLANG_WARN_STRICT_PROTOTYPES = YES;
				CLANG_WARN_SUSPICIOUS_MOVE = YES;
				CLANG_WARN_UNGUARDED_AVAILABILITY = YES_AGGRESSIVE;
				CLANG_WARN_UNREACHABLE_CODE = YES;
				CLANG_WARN__DUPLICATE_METHOD_MATCH = YES;
				COPY_PHASE_STRIP = NO;
				DEBUG_INFORMATION_FORMAT = "dwarf-with-dsym";
				ENABLE_NS_ASSERTIONS = NO;
				ENABLE_STRICT_OBJC_MSGSEND = YES;
				GCC_C_LANGUAGE_STANDARD = gnu11;
				GCC_NO_COMMON_BLOCKS = YES;
				GCC_WARN_64_TO_32_BIT_CONVERSION = YES;
				GCC_WARN_ABOUT_RETURN_TYPE = YES_ERROR;
				GCC_WARN_UNDECLARED_SELECTOR = YES;
				GCC_WARN_UNINITIALIZED_AUTOS = YES_AGGRESSIVE;
				GCC_WARN_UNUSED_FUNCTION = YES;
				GCC_WARN_UNUSED_VARIABLE = YES;
				IPHONEOS_DEPLOYMENT_TARGET = 14.1;
				MTL_ENABLE_DEBUG_INFO = NO;
				MTL_FAST_MATH = YES;
				SDKROOT = iphoneos;
				SWIFT_COMPILATION_MODE = wholemodule;
				SWIFT_OPTIMIZATION_LEVEL = "-O";
				VALIDATE_PRODUCT = YES;
			};
			name = Release;
		};
		6F78B27D2540E972002D6567 /* Debug */ = {
			isa = XCBuildConfiguration;
			baseConfigurationReference = CDB32AF9C4561FC5D6299C37 /* Pods-NoteTaking.debug.xcconfig */;
			buildSettings = {
				ASSETCATALOG_COMPILER_APPICON_NAME = AppIcon;
				ASSETCATALOG_COMPILER_GLOBAL_ACCENT_COLOR_NAME = AccentColor;
				CODE_SIGN_STYLE = Automatic;
				DEVELOPMENT_TEAM = "";
				INFOPLIST_FILE = NoteTaking/Info.plist;
				LD_RUNPATH_SEARCH_PATHS = (
					"$(inherited)",
					"@executable_path/Frameworks",
				);
				PRODUCT_BUNDLE_IDENTIFIER = "com.kaden-kim.NoteTaking";
				PRODUCT_NAME = "$(TARGET_NAME)";
				SWIFT_VERSION = 5.0;
				TARGETED_DEVICE_FAMILY = "1,2";
			};
			name = Debug;
		};
		6F78B27E2540E972002D6567 /* Release */ = {
			isa = XCBuildConfiguration;
			baseConfigurationReference = AAABF39CFD204A5777163597 /* Pods-NoteTaking.release.xcconfig */;
			buildSettings = {
				ASSETCATALOG_COMPILER_APPICON_NAME = AppIcon;
				ASSETCATALOG_COMPILER_GLOBAL_ACCENT_COLOR_NAME = AccentColor;
				CODE_SIGN_STYLE = Automatic;
				DEVELOPMENT_TEAM = "";
				INFOPLIST_FILE = NoteTaking/Info.plist;
				LD_RUNPATH_SEARCH_PATHS = (
					"$(inherited)",
					"@executable_path/Frameworks",
				);
				PRODUCT_BUNDLE_IDENTIFIER = "com.kaden-kim.NoteTaking";
				PRODUCT_NAME = "$(TARGET_NAME)";
				SWIFT_VERSION = 5.0;
				TARGETED_DEVICE_FAMILY = "1,2";
			};
			name = Release;
		};
		6F78B2802540E972002D6567 /* Debug */ = {
			isa = XCBuildConfiguration;
			baseConfigurationReference = 1B47D87571CF99397FF8B4C8 /* Pods-NoteTakingTests.debug.xcconfig */;
			buildSettings = {
				ALWAYS_EMBED_SWIFT_STANDARD_LIBRARIES = YES;
				BUNDLE_LOADER = "$(TEST_HOST)";
				CODE_SIGN_STYLE = Automatic;
				DEVELOPMENT_TEAM = U2ZLLL9FT4;
				INFOPLIST_FILE = NoteTakingTests/Info.plist;
				IPHONEOS_DEPLOYMENT_TARGET = 14.1;
				LD_RUNPATH_SEARCH_PATHS = (
					"$(inherited)",
					"@executable_path/Frameworks",
					"@loader_path/Frameworks",
				);
				PRODUCT_BUNDLE_IDENTIFIER = "com.kaden-kim.NoteTakingTests";
				PRODUCT_NAME = "$(TARGET_NAME)";
				SWIFT_VERSION = 5.0;
				TARGETED_DEVICE_FAMILY = "1,2";
				TEST_HOST = "$(BUILT_PRODUCTS_DIR)/NoteTaking.app/NoteTaking";
			};
			name = Debug;
		};
		6F78B2812540E972002D6567 /* Release */ = {
			isa = XCBuildConfiguration;
			baseConfigurationReference = C83D6443386330A9E6C1292E /* Pods-NoteTakingTests.release.xcconfig */;
			buildSettings = {
				ALWAYS_EMBED_SWIFT_STANDARD_LIBRARIES = YES;
				BUNDLE_LOADER = "$(TEST_HOST)";
				CODE_SIGN_STYLE = Automatic;
				DEVELOPMENT_TEAM = U2ZLLL9FT4;
				INFOPLIST_FILE = NoteTakingTests/Info.plist;
				IPHONEOS_DEPLOYMENT_TARGET = 14.1;
				LD_RUNPATH_SEARCH_PATHS = (
					"$(inherited)",
					"@executable_path/Frameworks",
					"@loader_path/Frameworks",
				);
				PRODUCT_BUNDLE_IDENTIFIER = "com.kaden-kim.NoteTakingTests";
				PRODUCT_NAME = "$(TARGET_NAME)";
				SWIFT_VERSION = 5.0;
				TARGETED_DEVICE_FAMILY = "1,2";
				TEST_HOST = "$(BUILT_PRODUCTS_DIR)/NoteTaking.app/NoteTaking";
			};
			name = Release;
		};
		6F78B2832540E972002D6567 /* Debug */ = {
			isa = XCBuildConfiguration;
			baseConfigurationReference = A635C835FB79FEADC4681C10 /* Pods-NoteTaking-NoteTakingUITests.debug.xcconfig */;
			buildSettings = {
				ALWAYS_EMBED_SWIFT_STANDARD_LIBRARIES = "$(inherited)";
				CODE_SIGN_STYLE = Automatic;
				DEVELOPMENT_TEAM = U2ZLLL9FT4;
				INFOPLIST_FILE = NoteTakingUITests/Info.plist;
				LD_RUNPATH_SEARCH_PATHS = (
					"$(inherited)",
					"@executable_path/Frameworks",
					"@loader_path/Frameworks",
				);
				PRODUCT_BUNDLE_IDENTIFIER = "com.kaden-kim.NoteTakingUITests";
				PRODUCT_NAME = "$(TARGET_NAME)";
				SWIFT_VERSION = 5.0;
				TARGETED_DEVICE_FAMILY = "1,2";
				TEST_TARGET_NAME = NoteTaking;
			};
			name = Debug;
		};
		6F78B2842540E972002D6567 /* Release */ = {
			isa = XCBuildConfiguration;
			baseConfigurationReference = 7740836A7FF5B9B4AED02D4D /* Pods-NoteTaking-NoteTakingUITests.release.xcconfig */;
			buildSettings = {
				ALWAYS_EMBED_SWIFT_STANDARD_LIBRARIES = "$(inherited)";
				CODE_SIGN_STYLE = Automatic;
				DEVELOPMENT_TEAM = U2ZLLL9FT4;
				INFOPLIST_FILE = NoteTakingUITests/Info.plist;
				LD_RUNPATH_SEARCH_PATHS = (
					"$(inherited)",
					"@executable_path/Frameworks",
					"@loader_path/Frameworks",
				);
				PRODUCT_BUNDLE_IDENTIFIER = "com.kaden-kim.NoteTakingUITests";
				PRODUCT_NAME = "$(TARGET_NAME)";
				SWIFT_VERSION = 5.0;
				TARGETED_DEVICE_FAMILY = "1,2";
				TEST_TARGET_NAME = NoteTaking;
			};
			name = Release;
		};
/* End XCBuildConfiguration section */

/* Begin XCConfigurationList section */
		6F78B24D2540E96C002D6567 /* Build configuration list for PBXProject "NoteTaking" */ = {
			isa = XCConfigurationList;
			buildConfigurations = (
				6F78B27A2540E972002D6567 /* Debug */,
				6F78B27B2540E972002D6567 /* Release */,
			);
			defaultConfigurationIsVisible = 0;
			defaultConfigurationName = Release;
		};
		6F78B27C2540E972002D6567 /* Build configuration list for PBXNativeTarget "NoteTaking" */ = {
			isa = XCConfigurationList;
			buildConfigurations = (
				6F78B27D2540E972002D6567 /* Debug */,
				6F78B27E2540E972002D6567 /* Release */,
			);
			defaultConfigurationIsVisible = 0;
			defaultConfigurationName = Release;
		};
		6F78B27F2540E972002D6567 /* Build configuration list for PBXNativeTarget "NoteTakingTests" */ = {
			isa = XCConfigurationList;
			buildConfigurations = (
				6F78B2802540E972002D6567 /* Debug */,
				6F78B2812540E972002D6567 /* Release */,
			);
			defaultConfigurationIsVisible = 0;
			defaultConfigurationName = Release;
		};
		6F78B2822540E972002D6567 /* Build configuration list for PBXNativeTarget "NoteTakingUITests" */ = {
			isa = XCConfigurationList;
			buildConfigurations = (
				6F78B2832540E972002D6567 /* Debug */,
				6F78B2842540E972002D6567 /* Release */,
			);
			defaultConfigurationIsVisible = 0;
			defaultConfigurationName = Release;
		};
/* End XCConfigurationList section */
	};
	rootObject = 6F78B24A2540E96C002D6567 /* Project object */;
}
